
Microsoft Visual Studio Solution File, Format Version 12.00
# Visual Studio 15
VisualStudioVersion = 15.0.27428.2002
MinimumVisualStudioVersion = 10.0.40219.1
Project("{FAE04EC0-301F-11D3-BF4B-00C04F79EFBC}") = "Managing", "Managing\Managing.csproj", "{1414A32A-2BC1-4DBF-995C-EA29FD3CDFBE}"
EndProject
Global
	GlobalSection(SolutionConfigurationPlatforms) = preSolution
		Debug|Any CPU = Debug|Any CPU
		Release|Any CPU = Release|Any CPU
	EndGlobalSection
	GlobalSection(ProjectConfigurationPlatforms) = postSolution
		{1414A32A-2BC1-4DBF-995C-EA29FD3CDFBE}.Debug|Any CPU.ActiveCfg = Debug|Any CPU
		{1414A32A-2BC1-4DBF-995C-EA29FD3CDFBE}.Debug|Any CPU.Build.0 = Debug|Any CPU
		{1414A32A-2BC1-4DBF-995C-EA29FD3CDFBE}.Release|Any CPU.ActiveCfg = Release|Any CPU
		{1414A32A-2BC1-4DBF-995C-EA29FD3CDFBE}.Release|Any CPU.Build.0 = Release|Any CPU
	EndGlobalSection
	GlobalSection(SolutionProperties) = preSolution
		HideSolutionNode = FALSE
	EndGlobalSection
	GlobalSection(ExtensibilityGlobals) = postSolution
		SolutionGuid = {A864A715-65AB-4B03-8FAC-9167B647C8F3}
	EndGlobalSection
EndGlobal
